
Microsoft Visual Studio Solution File, Format Version 12.00
# Visual Studio Version 16
VisualStudioVersion = 16.0.31005.135
MinimumVisualStudioVersion = 10.0.40219.1
Project("{FAE04EC0-301F-11D3-BF4B-00C04F79EFBC}") = "Exercicio-Fixacao", "Exercicio-Fixacao\Exercicio-Fixacao.csproj", "{11B6F108-69EE-4577-8EC6-AF186761B46B}"
EndProject
Global
	GlobalSection(SolutionConfigurationPlatforms) = preSolution
		Debug|Any CPU = Debug|Any CPU
		Release|Any CPU = Release|Any CPU
	EndGlobalSection
	GlobalSection(ProjectConfigurationPlatforms) = postSolution
		{11B6F108-69EE-4577-8EC6-AF186761B46B}.Debug|Any CPU.ActiveCfg = Debug|Any CPU
		{11B6F108-69EE-4577-8EC6-AF186761B46B}.Debug|Any CPU.Build.0 = Debug|Any CPU
		{11B6F108-69EE-4577-8EC6-AF186761B46B}.Release|Any CPU.ActiveCfg = Release|Any CPU
		{11B6F108-69EE-4577-8EC6-AF186761B46B}.Release|Any CPU.Build.0 = Release|Any CPU
	EndGlobalSection
	GlobalSection(SolutionProperties) = preSolution
		HideSolutionNode = FALSE
	EndGlobalSection
	GlobalSection(ExtensibilityGlobals) = postSolution
		SolutionGuid = {DD1EFBEA-1D31-4DAD-95CC-61BD1AB50B52}
	EndGlobalSection
EndGlobal
